
Microsoft Visual Studio Solution File, Format Version 12.00
# Visual Studio Version 16
VisualStudioVersion = 16.0.30114.105
MinimumVisualStudioVersion = 10.0.40219.1
Project("{2150E333-8FDC-42A3-9474-1A3956D46DE8}") = "src", "src", "{69EAAF16-9C9E-47D8-9D84-87D2B61FB510}"
EndProject
Project("{9A19103F-16F7-4668-BE54-9A1E7A4F7556}") = "Linq2Excel", "src\Linq2Excel\Linq2Excel.csproj", "{F1EE4E5A-81F7-4E7B-B80E-6D587DE351EB}"
EndProject
Project("{FAE04EC0-301F-11D3-BF4B-00C04F79EFBC}") = "Linq2Excel.Tests", "src\Linq2Excel.Tests\Linq2Excel.Tests.csproj", "{C15F908A-9F88-4D09-B9B4-438AE1F6162B}"
EndProject
Global
	GlobalSection(SolutionConfigurationPlatforms) = preSolution
		Debug|Any CPU = Debug|Any CPU
		Debug|x64 = Debug|x64
		Debug|x86 = Debug|x86
		Release|Any CPU = Release|Any CPU
		Release|x64 = Release|x64
		Release|x86 = Release|x86
	EndGlobalSection
	GlobalSection(ProjectConfigurationPlatforms) = postSolution
		{F1EE4E5A-81F7-4E7B-B80E-6D587DE351EB}.Debug|Any CPU.ActiveCfg = Debug|Any CPU
		{F1EE4E5A-81F7-4E7B-B80E-6D587DE351EB}.Debug|Any CPU.Build.0 = Debug|Any CPU
		{F1EE4E5A-81F7-4E7B-B80E-6D587DE351EB}.Debug|x64.ActiveCfg = Debug|Any CPU
		{F1EE4E5A-81F7-4E7B-B80E-6D587DE351EB}.Debug|x64.Build.0 = Debug|Any CPU
		{F1EE4E5A-81F7-4E7B-B80E-6D587DE351EB}.Debug|x86.ActiveCfg = Debug|Any CPU
		{F1EE4E5A-81F7-4E7B-B80E-6D587DE351EB}.Debug|x86.Build.0 = Debug|Any CPU
		{F1EE4E5A-81F7-4E7B-B80E-6D587DE351EB}.Release|Any CPU.ActiveCfg = Release|Any CPU
		{F1EE4E5A-81F7-4E7B-B80E-6D587DE351EB}.Release|Any CPU.Build.0 = Release|Any CPU
		{F1EE4E5A-81F7-4E7B-B80E-6D587DE351EB}.Release|x64.ActiveCfg = Release|Any CPU
		{F1EE4E5A-81F7-4E7B-B80E-6D587DE351EB}.Release|x64.Build.0 = Release|Any CPU
		{F1EE4E5A-81F7-4E7B-B80E-6D587DE351EB}.Release|x86.ActiveCfg = Release|Any CPU
		{F1EE4E5A-81F7-4E7B-B80E-6D587DE351EB}.Release|x86.Build.0 = Release|Any CPU
		{C15F908A-9F88-4D09-B9B4-438AE1F6162B}.Debug|Any CPU.ActiveCfg = Debug|Any CPU
		{C15F908A-9F88-4D09-B9B4-438AE1F6162B}.Debug|Any CPU.Build.0 = Debug|Any CPU
		{C15F908A-9F88-4D09-B9B4-438AE1F6162B}.Debug|x64.ActiveCfg = Debug|Any CPU
		{C15F908A-9F88-4D09-B9B4-438AE1F6162B}.Debug|x64.Build.0 = Debug|Any CPU
		{C15F908A-9F88-4D09-B9B4-438AE1F6162B}.Debug|x86.ActiveCfg = Debug|Any CPU
		{C15F908A-9F88-4D09-B9B4-438AE1F6162B}.Debug|x86.Build.0 = Debug|Any CPU
		{C15F908A-9F88-4D09-B9B4-438AE1F6162B}.Release|Any CPU.ActiveCfg = Release|Any CPU
		{C15F908A-9F88-4D09-B9B4-438AE1F6162B}.Release|Any CPU.Build.0 = Release|Any CPU
		{C15F908A-9F88-4D09-B9B4-438AE1F6162B}.Release|x64.ActiveCfg = Release|Any CPU
		{C15F908A-9F88-4D09-B9B4-438AE1F6162B}.Release|x64.Build.0 = Release|Any CPU
		{C15F908A-9F88-4D09-B9B4-438AE1F6162B}.Release|x86.ActiveCfg = Release|Any CPU
		{C15F908A-9F88-4D09-B9B4-438AE1F6162B}.Release|x86.Build.0 = Release|Any CPU
	EndGlobalSection
	GlobalSection(SolutionProperties) = preSolution
		HideSolutionNode = FALSE
	EndGlobalSection
	GlobalSection(NestedProjects) = preSolution
		{F1EE4E5A-81F7-4E7B-B80E-6D587DE351EB} = {69EAAF16-9C9E-47D8-9D84-87D2B61FB510}
		{C15F908A-9F88-4D09-B9B4-438AE1F6162B} = {69EAAF16-9C9E-47D8-9D84-87D2B61FB510}
	EndGlobalSection
	GlobalSection(ExtensibilityGlobals) = postSolution
		SolutionGuid = {014245D4-F29E-4011-B4E4-8B6253D09577}
	EndGlobalSection
EndGlobal
